
Microsoft Visual Studio Solution File, Format Version 12.00
# Visual Studio Version 16
VisualStudioVersion = 16.0.29728.190
MinimumVisualStudioVersion = 10.0.40219.1
Project("{FAE04EC0-301F-11D3-BF4B-00C04F79EFBC}") = "DemoUWP", "DemoUWP\DemoUWP.csproj", "{0A5F4E18-716C-4EB8-A53E-654C7A8F4ADE}"
EndProject
Project("{FAE04EC0-301F-11D3-BF4B-00C04F79EFBC}") = "DemoUWP.Tests.xUnit", "DemoUWP.Tests.xUnit\DemoUWP.Tests.xUnit.csproj", "{2BBB9A4A-ED77-47FC-9911-E9F4CDEA2B91}"
EndProject
Project("{9A19103F-16F7-4668-BE54-9A1E7A4F7556}") = "DemoUWP.Core", "DemoUWP.Core\DemoUWP.Core.csproj", "{8B78271D-8704-4113-B517-73045E0437AF}"
EndProject
Project("{9A19103F-16F7-4668-BE54-9A1E7A4F7556}") = "DemoUWP.Core.Tests.xUnit", "DemoUWP.Core.Tests.xUnit\DemoUWP.Core.Tests.xUnit.csproj", "{96B6CD5E-A30A-4ECE-8647-07B453FCA209}"
EndProject
Global
	GlobalSection(SolutionConfigurationPlatforms) = preSolution
		Debug|Any CPU = Debug|Any CPU
		Debug|ARM = Debug|ARM
		Debug|ARM64 = Debug|ARM64
		Debug|x64 = Debug|x64
		Debug|x86 = Debug|x86
		Release|Any CPU = Release|Any CPU
		Release|ARM = Release|ARM
		Release|ARM64 = Release|ARM64
		Release|x64 = Release|x64
		Release|x86 = Release|x86
	EndGlobalSection
	GlobalSection(ProjectConfigurationPlatforms) = postSolution
		{0A5F4E18-716C-4EB8-A53E-654C7A8F4ADE}.Debug|Any CPU.ActiveCfg = Debug|x86
		{0A5F4E18-716C-4EB8-A53E-654C7A8F4ADE}.Debug|ARM.ActiveCfg = Debug|ARM
		{0A5F4E18-716C-4EB8-A53E-654C7A8F4ADE}.Debug|ARM.Build.0 = Debug|ARM
		{0A5F4E18-716C-4EB8-A53E-654C7A8F4ADE}.Debug|ARM.Deploy.0 = Debug|ARM
		{0A5F4E18-716C-4EB8-A53E-654C7A8F4ADE}.Debug|ARM64.ActiveCfg = Debug|ARM64
		{0A5F4E18-716C-4EB8-A53E-654C7A8F4ADE}.Debug|ARM64.Build.0 = Debug|ARM64
		{0A5F4E18-716C-4EB8-A53E-654C7A8F4ADE}.Debug|ARM64.Deploy.0 = Debug|ARM64
		{0A5F4E18-716C-4EB8-A53E-654C7A8F4ADE}.Debug|x64.ActiveCfg = Debug|x64
		{0A5F4E18-716C-4EB8-A53E-654C7A8F4ADE}.Debug|x64.Build.0 = Debug|x64
		{0A5F4E18-716C-4EB8-A53E-654C7A8F4ADE}.Debug|x64.Deploy.0 = Debug|x64
		{0A5F4E18-716C-4EB8-A53E-654C7A8F4ADE}.Debug|x86.ActiveCfg = Debug|x86
		{0A5F4E18-716C-4EB8-A53E-654C7A8F4ADE}.Debug|x86.Build.0 = Debug|x86
		{0A5F4E18-716C-4EB8-A53E-654C7A8F4ADE}.Debug|x86.Deploy.0 = Debug|x86
		{0A5F4E18-716C-4EB8-A53E-654C7A8F4ADE}.Release|Any CPU.ActiveCfg = Release|x86
		{0A5F4E18-716C-4EB8-A53E-654C7A8F4ADE}.Release|ARM.ActiveCfg = Release|ARM
		{0A5F4E18-716C-4EB8-A53E-654C7A8F4ADE}.Release|ARM.Build.0 = Release|ARM
		{0A5F4E18-716C-4EB8-A53E-654C7A8F4ADE}.Release|ARM.Deploy.0 = Release|ARM
		{0A5F4E18-716C-4EB8-A53E-654C7A8F4ADE}.Release|ARM64.ActiveCfg = Release|ARM64
		{0A5F4E18-716C-4EB8-A53E-654C7A8F4ADE}.Release|ARM64.Build.0 = Release|ARM64
		{0A5F4E18-716C-4EB8-A53E-654C7A8F4ADE}.Release|ARM64.Deploy.0 = Release|ARM64
		{0A5F4E18-716C-4EB8-A53E-654C7A8F4ADE}.Release|x64.ActiveCfg = Release|x64
		{0A5F4E18-716C-4EB8-A53E-654C7A8F4ADE}.Release|x64.Build.0 = Release|x64
		{0A5F4E18-716C-4EB8-A53E-654C7A8F4ADE}.Release|x64.Deploy.0 = Release|x64
		{0A5F4E18-716C-4EB8-A53E-654C7A8F4ADE}.Release|x86.ActiveCfg = Release|x86
		{0A5F4E18-716C-4EB8-A53E-654C7A8F4ADE}.Release|x86.Build.0 = Release|x86
		{0A5F4E18-716C-4EB8-A53E-654C7A8F4ADE}.Release|x86.Deploy.0 = Release|x86
		{2BBB9A4A-ED77-47FC-9911-E9F4CDEA2B91}.Debug|Any CPU.ActiveCfg = Debug|x86
		{2BBB9A4A-ED77-47FC-9911-E9F4CDEA2B91}.Debug|ARM.ActiveCfg = Debug|ARM
		{2BBB9A4A-ED77-47FC-9911-E9F4CDEA2B91}.Debug|ARM.Build.0 = Debug|ARM
		{2BBB9A4A-ED77-47FC-9911-E9F4CDEA2B91}.Debug|ARM.Deploy.0 = Debug|ARM
		{2BBB9A4A-ED77-47FC-9911-E9F4CDEA2B91}.Debug|ARM64.ActiveCfg = Debug|x86
		{2BBB9A4A-ED77-47FC-9911-E9F4CDEA2B91}.Debug|x64.ActiveCfg = Debug|x64
		{2BBB9A4A-ED77-47FC-9911-E9F4CDEA2B91}.Debug|x64.Build.0 = Debug|x64
		{2BBB9A4A-ED77-47FC-9911-E9F4CDEA2B91}.Debug|x64.Deploy.0 = Debug|x64
		{2BBB9A4A-ED77-47FC-9911-E9F4CDEA2B91}.Debug|x86.ActiveCfg = Debug|x86
		{2BBB9A4A-ED77-47FC-9911-E9F4CDEA2B91}.Debug|x86.Build.0 = Debug|x86
		{2BBB9A4A-ED77-47FC-9911-E9F4CDEA2B91}.Debug|x86.Deploy.0 = Debug|x86
		{2BBB9A4A-ED77-47FC-9911-E9F4CDEA2B91}.Release|Any CPU.ActiveCfg = Release|x86
		{2BBB9A4A-ED77-47FC-9911-E9F4CDEA2B91}.Release|ARM.ActiveCfg = Release|ARM
		{2BBB9A4A-ED77-47FC-9911-E9F4CDEA2B91}.Release|ARM.Build.0 = Release|ARM
		{2BBB9A4A-ED77-47FC-9911-E9F4CDEA2B91}.Release|ARM.Deploy.0 = Release|ARM
		{2BBB9A4A-ED77-47FC-9911-E9F4CDEA2B91}.Release|ARM64.ActiveCfg = Release|x86
		{2BBB9A4A-ED77-47FC-9911-E9F4CDEA2B91}.Release|x64.ActiveCfg = Release|x64
		{2BBB9A4A-ED77-47FC-9911-E9F4CDEA2B91}.Release|x64.Build.0 = Release|x64
		{2BBB9A4A-ED77-47FC-9911-E9F4CDEA2B91}.Release|x64.Deploy.0 = Release|x64
		{2BBB9A4A-ED77-47FC-9911-E9F4CDEA2B91}.Release|x86.ActiveCfg = Release|x86
		{2BBB9A4A-ED77-47FC-9911-E9F4CDEA2B91}.Release|x86.Build.0 = Release|x86
		{2BBB9A4A-ED77-47FC-9911-E9F4CDEA2B91}.Release|x86.Deploy.0 = Release|x86
		{8B78271D-8704-4113-B517-73045E0437AF}.Debug|Any CPU.ActiveCfg = Debug|Any CPU
		{8B78271D-8704-4113-B517-73045E0437AF}.Debug|Any CPU.Build.0 = Debug|Any CPU
		{8B78271D-8704-4113-B517-73045E0437AF}.Debug|ARM.ActiveCfg = Debug|Any CPU
		{8B78271D-8704-4113-B517-73045E0437AF}.Debug|ARM.Build.0 = Debug|Any CPU
		{8B78271D-8704-4113-B517-73045E0437AF}.Debug|ARM64.ActiveCfg = Debug|Any CPU
		{8B78271D-8704-4113-B517-73045E0437AF}.Debug|ARM64.Build.0 = Debug|Any CPU
		{8B78271D-8704-4113-B517-73045E0437AF}.Debug|x64.ActiveCfg = Debug|Any CPU
		{8B78271D-8704-4113-B517-73045E0437AF}.Debug|x64.Build.0 = Debug|Any CPU
		{8B78271D-8704-4113-B517-73045E0437AF}.Debug|x86.ActiveCfg = Debug|Any CPU
		{8B78271D-8704-4113-B517-73045E0437AF}.Debug|x86.Build.0 = Debug|Any CPU
		{8B78271D-8704-4113-B517-73045E0437AF}.Release|Any CPU.ActiveCfg = Release|Any CPU
		{8B78271D-8704-4113-B517-73045E0437AF}.Release|Any CPU.Build.0 = Release|Any CPU
		{8B78271D-8704-4113-B517-73045E0437AF}.Release|ARM.ActiveCfg = Release|Any CPU
		{8B78271D-8704-4113-B517-73045E0437AF}.Release|ARM.Build.0 = Release|Any CPU
		{8B78271D-8704-4113-B517-73045E0437AF}.Release|ARM64.ActiveCfg = Release|Any CPU
		{8B78271D-8704-4113-B517-73045E0437AF}.Release|ARM64.Build.0 = Release|Any CPU
		{8B78271D-8704-4113-B517-73045E0437AF}.Release|x64.ActiveCfg = Release|Any CPU
		{8B78271D-8704-4113-B517-73045E0437AF}.Release|x64.Build.0 = Release|Any CPU
		{8B78271D-8704-4113-B517-73045E0437AF}.Release|x86.ActiveCfg = Release|Any CPU
		{8B78271D-8704-4113-B517-73045E0437AF}.Release|x86.Build.0 = Release|Any CPU
		{96B6CD5E-A30A-4ECE-8647-07B453FCA209}.Debug|Any CPU.ActiveCfg = Debug|Any CPU
		{96B6CD5E-A30A-4ECE-8647-07B453FCA209}.Debug|Any CPU.Build.0 = Debug|Any CPU
		{96B6CD5E-A30A-4ECE-8647-07B453FCA209}.Debug|ARM.ActiveCfg = Debug|Any CPU
		{96B6CD5E-A30A-4ECE-8647-07B453FCA209}.Debug|ARM.Build.0 = Debug|Any CPU
		{96B6CD5E-A30A-4ECE-8647-07B453FCA209}.Debug|ARM64.ActiveCfg = Debug|Any CPU
		{96B6CD5E-A30A-4ECE-8647-07B453FCA209}.Debug|ARM64.Build.0 = Debug|Any CPU
		{96B6CD5E-A30A-4ECE-8647-07B453FCA209}.Debug|x64.ActiveCfg = Debug|Any CPU
		{96B6CD5E-A30A-4ECE-8647-07B453FCA209}.Debug|x64.Build.0 = Debug|Any CPU
		{96B6CD5E-A30A-4ECE-8647-07B453FCA209}.Debug|x86.ActiveCfg = Debug|Any CPU
		{96B6CD5E-A30A-4ECE-8647-07B453FCA209}.Debug|x86.Build.0 = Debug|Any CPU
		{96B6CD5E-A30A-4ECE-8647-07B453FCA209}.Release|Any CPU.ActiveCfg = Release|Any CPU
		{96B6CD5E-A30A-4ECE-8647-07B453FCA209}.Release|Any CPU.Build.0 = Release|Any CPU
		{96B6CD5E-A30A-4ECE-8647-07B453FCA209}.Release|ARM.ActiveCfg = Release|Any CPU
		{96B6CD5E-A30A-4ECE-8647-07B453FCA209}.Release|ARM.Build.0 = Release|Any CPU
		{96B6CD5E-A30A-4ECE-8647-07B453FCA209}.Release|ARM64.ActiveCfg = Release|Any CPU
		{96B6CD5E-A30A-4ECE-8647-07B453FCA209}.Release|ARM64.Build.0 = Release|Any CPU
		{96B6CD5E-A30A-4ECE-8647-07B453FCA209}.Release|x64.ActiveCfg = Release|Any CPU
		{96B6CD5E-A30A-4ECE-8647-07B453FCA209}.Release|x64.Build.0 = Release|Any CPU
		{96B6CD5E-A30A-4ECE-8647-07B453FCA209}.Release|x86.ActiveCfg = Release|Any CPU
		{96B6CD5E-A30A-4ECE-8647-07B453FCA209}.Release|x86.Build.0 = Release|Any CPU
	EndGlobalSection
	GlobalSection(SolutionProperties) = preSolution
		HideSolutionNode = FALSE
	EndGlobalSection
	GlobalSection(ExtensibilityGlobals) = postSolution
		SolutionGuid = {D5C99F44-33BB-4FCB-A062-75F5E806A62E}
	EndGlobalSection
EndGlobal
